// !$*UTF8*$!
{
	archiveVersion = 1;
	classes = {
	};
	objectVersion = 56;
	objects = {

/* Begin PBXBuildFile section */
		B318D4BB2BAB50850099771C /* RoomieFinderApp.swift in Sources */ = {isa = PBXBuildFile; fileRef = B318D4BA2BAB50850099771C /* RoomieFinderApp.swift */; };
		B318D4BF2BAB50870099771C /* Assets.xcassets in Resources */ = {isa = PBXBuildFile; fileRef = B318D4BE2BAB50870099771C /* Assets.xcassets */; };
		B318D4C22BAB50870099771C /* Preview Assets.xcassets in Resources */ = {isa = PBXBuildFile; fileRef = B318D4C12BAB50870099771C /* Preview Assets.xcassets */; };
		B318D4CA2BAB50C00099771C /* Outfit.ttf in Resources */ = {isa = PBXBuildFile; fileRef = B318D4C92BAB50C00099771C /* Outfit.ttf */; };
		B318D4CE2BAB51290099771C /* LauchScreen.storyboard in Resources */ = {isa = PBXBuildFile; fileRef = B318D4CD2BAB51290099771C /* LauchScreen.storyboard */; };
		B318D4D02BAB52880099771C /* TopBarView.swift in Sources */ = {isa = PBXBuildFile; fileRef = B318D4CF2BAB52880099771C /* TopBarView.swift */; };
		B318D4DD2BAB52CC0099771C /* Outfit-Medium.ttf in Resources */ = {isa = PBXBuildFile; fileRef = B318D4D42BAB52CC0099771C /* Outfit-Medium.ttf */; };
		B318D4E12BAB52CC0099771C /* Outfit-Bold.ttf in Resources */ = {isa = PBXBuildFile; fileRef = B318D4D82BAB52CC0099771C /* Outfit-Bold.ttf */; };
		B31E2C5F2BADC50700A14662 /* GoogleService-Info.plist in Resources */ = {isa = PBXBuildFile; fileRef = B31E2C5E2BADC50700A14662 /* GoogleService-Info.plist */; };
		B31E2C632BADC62700A14662 /* FirebaseAnalytics in Frameworks */ = {isa = PBXBuildFile; productRef = B31E2C622BADC62700A14662 /* FirebaseAnalytics */; };
		B31E2C652BADC62700A14662 /* FirebaseAnalyticsSwift in Frameworks */ = {isa = PBXBuildFile; productRef = B31E2C642BADC62700A14662 /* FirebaseAnalyticsSwift */; };
		B31E2C672BADC62700A14662 /* FirebaseAnalyticsWithoutAdIdSupport in Frameworks */ = {isa = PBXBuildFile; productRef = B31E2C662BADC62700A14662 /* FirebaseAnalyticsWithoutAdIdSupport */; };
		B362F99B2BF95E5B0051ED7D /* FavoritosModel.swift in Sources */ = {isa = PBXBuildFile; fileRef = B362F99A2BF95E5B0051ED7D /* FavoritosModel.swift */; };
		B365F5962BC181B3004D08F4 /* MultiPicker.swift in Sources */ = {isa = PBXBuildFile; fileRef = B365F5952BC181B3004D08F4 /* MultiPicker.swift */; };
		B385FD382BACDE1C00A82169 /* UsuarioModel.swift in Sources */ = {isa = PBXBuildFile; fileRef = B385FD372BACDE1C00A82169 /* UsuarioModel.swift */; };
		B39D5F292BBE00DC00F3F561 /* FirebaseAuth in Frameworks */ = {isa = PBXBuildFile; productRef = B39D5F282BBE00DC00F3F561 /* FirebaseAuth */; };
		B39D5F2B2BBF017F00F3F561 /* PerfilDetailView.swift in Sources */ = {isa = PBXBuildFile; fileRef = B39D5F2A2BBF017F00F3F561 /* PerfilDetailView.swift */; };
		B39D5F3E2BC1695B00F3F561 /* UIImagePickerController.swift in Sources */ = {isa = PBXBuildFile; fileRef = B39D5F3D2BC1695B00F3F561 /* UIImagePickerController.swift */; };
		B3CFCC2A2BF51CC900D44618 /* AnuncioModel.swift in Sources */ = {isa = PBXBuildFile; fileRef = B3CFCC292BF51CC900D44618 /* AnuncioModel.swift */; };
		B3D0BBBA2BED314B004E1AF1 /* FirestoreUtils.swift in Sources */ = {isa = PBXBuildFile; fileRef = B3D0BBB92BED314B004E1AF1 /* FirestoreUtils.swift */; };
		B3D0BBBC2BED3163004E1AF1 /* FirebaseFirestore in Frameworks */ = {isa = PBXBuildFile; productRef = B3D0BBBB2BED3163004E1AF1 /* FirebaseFirestore */; };
		B3D0BBBE2BED316A004E1AF1 /* FirebaseFirestoreSwift in Frameworks */ = {isa = PBXBuildFile; productRef = B3D0BBBD2BED316A004E1AF1 /* FirebaseFirestoreSwift */; };
		B3D0BBC02BED31B2004E1AF1 /* FirebaseFirestoreCombine-Community in Frameworks */ = {isa = PBXBuildFile; productRef = B3D0BBBF2BED31B2004E1AF1 /* FirebaseFirestoreCombine-Community */; };
		B3D0BBC22BED31B7004E1AF1 /* FirebaseDatabase in Frameworks */ = {isa = PBXBuildFile; productRef = B3D0BBC12BED31B7004E1AF1 /* FirebaseDatabase */; };
		B3D0BBC42BED31BB004E1AF1 /* FirebaseDatabaseSwift in Frameworks */ = {isa = PBXBuildFile; productRef = B3D0BBC32BED31BB004E1AF1 /* FirebaseDatabaseSwift */; };
		B3D0BBC62BED391A004E1AF1 /* SetExtension.swift in Sources */ = {isa = PBXBuildFile; fileRef = B3D0BBC52BED391A004E1AF1 /* SetExtension.swift */; };
		B3D0BBDA2BF14BFD004E1AF1 /* GlobalViewModel.swift in Sources */ = {isa = PBXBuildFile; fileRef = B3D0BBD92BF14BFD004E1AF1 /* GlobalViewModel.swift */; };
		B3D0BBDC2BF27AFC004E1AF1 /* FirebaseStorage in Frameworks */ = {isa = PBXBuildFile; productRef = B3D0BBDB2BF27AFC004E1AF1 /* FirebaseStorage */; };
		B3D0BBDE2BF27AFC004E1AF1 /* FirebaseStorageCombine-Community in Frameworks */ = {isa = PBXBuildFile; productRef = B3D0BBDD2BF27AFC004E1AF1 /* FirebaseStorageCombine-Community */; };
		B3EA1E6A2BC58A62003EF343 /* LoginViewModel.swift in Sources */ = {isa = PBXBuildFile; fileRef = B3EA1E642BC58A62003EF343 /* LoginViewModel.swift */; };
		B3EA1E6D2BC58A62003EF343 /* LoginView.swift in Sources */ = {isa = PBXBuildFile; fileRef = B3EA1E672BC58A62003EF343 /* LoginView.swift */; };
		B3EA1E852BC58C4A003EF343 /* TextExtension.swift in Sources */ = {isa = PBXBuildFile; fileRef = B3EA1E752BC58C4A003EF343 /* TextExtension.swift */; };
		B3EA1E892BC58C4A003EF343 /* Constants.swift in Sources */ = {isa = PBXBuildFile; fileRef = B3EA1E7C2BC58C4A003EF343 /* Constants.swift */; };
		B3EA1E8A2BC58C4A003EF343 /* DateFormat.swift in Sources */ = {isa = PBXBuildFile; fileRef = B3EA1E7D2BC58C4A003EF343 /* DateFormat.swift */; };
		B3EA1E942BC58D02003EF343 /* HomeViewModel.swift in Sources */ = {isa = PBXBuildFile; fileRef = B3EA1E8E2BC58D02003EF343 /* HomeViewModel.swift */; };
		B3EA1E972BC58D02003EF343 /* HomeView.swift in Sources */ = {isa = PBXBuildFile; fileRef = B3EA1E912BC58D02003EF343 /* HomeView.swift */; };
		B3EA1E9D2BC591C5003EF343 /* Colors.xcassets in Resources */ = {isa = PBXBuildFile; fileRef = B3EA1E9C2BC591C5003EF343 /* Colors.xcassets */; };
		B3EA1EAD2BC59622003EF343 /* PerfilViewModel.swift in Sources */ = {isa = PBXBuildFile; fileRef = B3EA1EA72BC59622003EF343 /* PerfilViewModel.swift */; };
		B3EA1EB02BC59622003EF343 /* PerfilView.swift in Sources */ = {isa = PBXBuildFile; fileRef = B3EA1EAA2BC59622003EF343 /* PerfilView.swift */; };
		B3EA1EBA2BC596D0003EF343 /* BusquedaViewModel.swift in Sources */ = {isa = PBXBuildFile; fileRef = B3EA1EB42BC596D0003EF343 /* BusquedaViewModel.swift */; };
		B3EA1EBD2BC596D0003EF343 /* BusquedaView.swift in Sources */ = {isa = PBXBuildFile; fileRef = B3EA1EB72BC596D0003EF343 /* BusquedaView.swift */; };
		B3EA1EE32BC59C0D003EF343 /* CreacionPerfilViewModel.swift in Sources */ = {isa = PBXBuildFile; fileRef = B3EA1EDD2BC59C0D003EF343 /* CreacionPerfilViewModel.swift */; };
		B3EA1EE62BC59C0D003EF343 /* CreacionPerfilView.swift in Sources */ = {isa = PBXBuildFile; fileRef = B3EA1EE02BC59C0D003EF343 /* CreacionPerfilView.swift */; };
		B3EA1EF12BC59D95003EF343 /* MensajesViewModel.swift in Sources */ = {isa = PBXBuildFile; fileRef = B3EA1EEB2BC59D95003EF343 /* MensajesViewModel.swift */; };
		B3EA1EF42BC59D95003EF343 /* MensajesView.swift in Sources */ = {isa = PBXBuildFile; fileRef = B3EA1EEE2BC59D95003EF343 /* MensajesView.swift */; };
		B3EA1EFF2BC59E62003EF343 /* RegistroViewModel.swift in Sources */ = {isa = PBXBuildFile; fileRef = B3EA1EF92BC59E62003EF343 /* RegistroViewModel.swift */; };
		B3EA1F022BC59E62003EF343 /* RegistroView.swift in Sources */ = {isa = PBXBuildFile; fileRef = B3EA1EFC2BC59E62003EF343 /* RegistroView.swift */; };
		B3EA1F0D2BC59F2B003EF343 /* CreacionAnuncioViewModel.swift in Sources */ = {isa = PBXBuildFile; fileRef = B3EA1F072BC59F2B003EF343 /* CreacionAnuncioViewModel.swift */; };
		B3EA1F102BC59F2B003EF343 /* CreacionAnuncioView.swift in Sources */ = {isa = PBXBuildFile; fileRef = B3EA1F0A2BC59F2B003EF343 /* CreacionAnuncioView.swift */; };
		B3EADB922BD41DBB00C2F6AA /* AnunciosActivosViewModel.swift in Sources */ = {isa = PBXBuildFile; fileRef = B3EADB8C2BD41DBB00C2F6AA /* AnunciosActivosViewModel.swift */; };
		B3EADB952BD41DBB00C2F6AA /* AnunciosActivosView.swift in Sources */ = {isa = PBXBuildFile; fileRef = B3EADB8F2BD41DBB00C2F6AA /* AnunciosActivosView.swift */; };
		B3FDA5012BDD7E7600526E6A /* PerfilRow.swift in Sources */ = {isa = PBXBuildFile; fileRef = B3FDA5002BDD7E7600526E6A /* PerfilRow.swift */; };
		B3FDA5052BDD7EE100526E6A /* AnuncioRow.swift in Sources */ = {isa = PBXBuildFile; fileRef = B3FDA5042BDD7EE100526E6A /* AnuncioRow.swift */; };
		B3FDA5092BDECF9000526E6A /* FiltrosView.swift in Sources */ = {isa = PBXBuildFile; fileRef = B3FDA5082BDECF9000526E6A /* FiltrosView.swift */; };
/* End PBXBuildFile section */

/* Begin PBXFileReference section */
		B318D4B72BAB50850099771C /* RoomieFinder.app */ = {isa = PBXFileReference; explicitFileType = wrapper.application; includeInIndex = 0; path = RoomieFinder.app; sourceTree = BUILT_PRODUCTS_DIR; };
		B318D4BA2BAB50850099771C /* RoomieFinderApp.swift */ = {isa = PBXFileReference; lastKnownFileType = sourcecode.swift; path = RoomieFinderApp.swift; sourceTree = "<group>"; };
		B318D4BE2BAB50870099771C /* Assets.xcassets */ = {isa = PBXFileReference; lastKnownFileType = folder.assetcatalog; path = Assets.xcassets; sourceTree = "<group>"; };
		B318D4C12BAB50870099771C /* Preview Assets.xcassets */ = {isa = PBXFileReference; lastKnownFileType = folder.assetcatalog; path = "Preview Assets.xcassets"; sourceTree = "<group>"; };
		B318D4C92BAB50C00099771C /* Outfit.ttf */ = {isa = PBXFileReference; lastKnownFileType = file; path = Outfit.ttf; sourceTree = "<group>"; };
		B318D4CB2BAB50CF0099771C /* Info.plist */ = {isa = PBXFileReference; lastKnownFileType = text.plist; path = Info.plist; sourceTree = "<group>"; };
		B318D4CD2BAB51290099771C /* LauchScreen.storyboard */ = {isa = PBXFileReference; lastKnownFileType = file.storyboard; path = LauchScreen.storyboard; sourceTree = "<group>"; };
		B318D4CF2BAB52880099771C /* TopBarView.swift */ = {isa = PBXFileReference; lastKnownFileType = sourcecode.swift; path = TopBarView.swift; sourceTree = "<group>"; };
		B318D4D42BAB52CC0099771C /* Outfit-Medium.ttf */ = {isa = PBXFileReference; lastKnownFileType = file; path = "Outfit-Medium.ttf"; sourceTree = "<group>"; };
		B318D4D82BAB52CC0099771C /* Outfit-Bold.ttf */ = {isa = PBXFileReference; lastKnownFileType = file; path = "Outfit-Bold.ttf"; sourceTree = "<group>"; };
		B31E2C5E2BADC50700A14662 /* GoogleService-Info.plist */ = {isa = PBXFileReference; fileEncoding = 4; lastKnownFileType = text.plist.xml; path = "GoogleService-Info.plist"; sourceTree = "<group>"; };
		B362F99A2BF95E5B0051ED7D /* FavoritosModel.swift */ = {isa = PBXFileReference; lastKnownFileType = sourcecode.swift; path = FavoritosModel.swift; sourceTree = "<group>"; };
		B365F5952BC181B3004D08F4 /* MultiPicker.swift */ = {isa = PBXFileReference; lastKnownFileType = sourcecode.swift; path = MultiPicker.swift; sourceTree = "<group>"; };
		B385FD372BACDE1C00A82169 /* UsuarioModel.swift */ = {isa = PBXFileReference; lastKnownFileType = sourcecode.swift; path = UsuarioModel.swift; sourceTree = "<group>"; };
		B39D5F2A2BBF017F00F3F561 /* PerfilDetailView.swift */ = {isa = PBXFileReference; lastKnownFileType = sourcecode.swift; path = PerfilDetailView.swift; sourceTree = "<group>"; };
		B39D5F3D2BC1695B00F3F561 /* UIImagePickerController.swift */ = {isa = PBXFileReference; lastKnownFileType = sourcecode.swift; path = UIImagePickerController.swift; sourceTree = "<group>"; };
		B3CFCC292BF51CC900D44618 /* AnuncioModel.swift */ = {isa = PBXFileReference; lastKnownFileType = sourcecode.swift; path = AnuncioModel.swift; sourceTree = "<group>"; };
		B3D0BBB92BED314B004E1AF1 /* FirestoreUtils.swift */ = {isa = PBXFileReference; lastKnownFileType = sourcecode.swift; path = FirestoreUtils.swift; sourceTree = "<group>"; };
		B3D0BBC52BED391A004E1AF1 /* SetExtension.swift */ = {isa = PBXFileReference; lastKnownFileType = sourcecode.swift; path = SetExtension.swift; sourceTree = "<group>"; };
		B3D0BBD92BF14BFD004E1AF1 /* GlobalViewModel.swift */ = {isa = PBXFileReference; lastKnownFileType = sourcecode.swift; path = GlobalViewModel.swift; sourceTree = "<group>"; };
		B3EA1E642BC58A62003EF343 /* LoginViewModel.swift */ = {isa = PBXFileReference; lastKnownFileType = sourcecode.swift; path = LoginViewModel.swift; sourceTree = "<group>"; };
		B3EA1E672BC58A62003EF343 /* LoginView.swift */ = {isa = PBXFileReference; lastKnownFileType = sourcecode.swift; path = LoginView.swift; sourceTree = "<group>"; };
		B3EA1E752BC58C4A003EF343 /* TextExtension.swift */ = {isa = PBXFileReference; fileEncoding = 4; lastKnownFileType = sourcecode.swift; path = TextExtension.swift; sourceTree = "<group>"; };
		B3EA1E7C2BC58C4A003EF343 /* Constants.swift */ = {isa = PBXFileReference; fileEncoding = 4; lastKnownFileType = sourcecode.swift; path = Constants.swift; sourceTree = "<group>"; };
		B3EA1E7D2BC58C4A003EF343 /* DateFormat.swift */ = {isa = PBXFileReference; fileEncoding = 4; lastKnownFileType = sourcecode.swift; path = DateFormat.swift; sourceTree = "<group>"; };
		B3EA1E8E2BC58D02003EF343 /* HomeViewModel.swift */ = {isa = PBXFileReference; lastKnownFileType = sourcecode.swift; path = HomeViewModel.swift; sourceTree = "<group>"; };
		B3EA1E912BC58D02003EF343 /* HomeView.swift */ = {isa = PBXFileReference; lastKnownFileType = sourcecode.swift; path = HomeView.swift; sourceTree = "<group>"; };
		B3EA1E9C2BC591C5003EF343 /* Colors.xcassets */ = {isa = PBXFileReference; lastKnownFileType = folder.assetcatalog; path = Colors.xcassets; sourceTree = "<group>"; };
		B3EA1EA72BC59622003EF343 /* PerfilViewModel.swift */ = {isa = PBXFileReference; lastKnownFileType = sourcecode.swift; path = PerfilViewModel.swift; sourceTree = "<group>"; };
		B3EA1EAA2BC59622003EF343 /* PerfilView.swift */ = {isa = PBXFileReference; lastKnownFileType = sourcecode.swift; path = PerfilView.swift; sourceTree = "<group>"; };
		B3EA1EB42BC596D0003EF343 /* BusquedaViewModel.swift */ = {isa = PBXFileReference; lastKnownFileType = sourcecode.swift; path = BusquedaViewModel.swift; sourceTree = "<group>"; };
		B3EA1EB72BC596D0003EF343 /* BusquedaView.swift */ = {isa = PBXFileReference; lastKnownFileType = sourcecode.swift; path = BusquedaView.swift; sourceTree = "<group>"; };
		B3EA1EDD2BC59C0D003EF343 /* CreacionPerfilViewModel.swift */ = {isa = PBXFileReference; lastKnownFileType = sourcecode.swift; path = CreacionPerfilViewModel.swift; sourceTree = "<group>"; };
		B3EA1EE02BC59C0D003EF343 /* CreacionPerfilView.swift */ = {isa = PBXFileReference; lastKnownFileType = sourcecode.swift; path = CreacionPerfilView.swift; sourceTree = "<group>"; };
		B3EA1EEB2BC59D95003EF343 /* MensajesViewModel.swift */ = {isa = PBXFileReference; lastKnownFileType = sourcecode.swift; path = MensajesViewModel.swift; sourceTree = "<group>"; };
		B3EA1EEE2BC59D95003EF343 /* MensajesView.swift */ = {isa = PBXFileReference; lastKnownFileType = sourcecode.swift; path = MensajesView.swift; sourceTree = "<group>"; };
		B3EA1EF92BC59E62003EF343 /* RegistroViewModel.swift */ = {isa = PBXFileReference; lastKnownFileType = sourcecode.swift; path = RegistroViewModel.swift; sourceTree = "<group>"; };
		B3EA1EFC2BC59E62003EF343 /* RegistroView.swift */ = {isa = PBXFileReference; lastKnownFileType = sourcecode.swift; path = RegistroView.swift; sourceTree = "<group>"; };
		B3EA1F072BC59F2B003EF343 /* CreacionAnuncioViewModel.swift */ = {isa = PBXFileReference; lastKnownFileType = sourcecode.swift; path = CreacionAnuncioViewModel.swift; sourceTree = "<group>"; };
		B3EA1F0A2BC59F2B003EF343 /* CreacionAnuncioView.swift */ = {isa = PBXFileReference; lastKnownFileType = sourcecode.swift; path = CreacionAnuncioView.swift; sourceTree = "<group>"; };
		B3EADB8C2BD41DBB00C2F6AA /* AnunciosActivosViewModel.swift */ = {isa = PBXFileReference; lastKnownFileType = sourcecode.swift; path = AnunciosActivosViewModel.swift; sourceTree = "<group>"; };
		B3EADB8F2BD41DBB00C2F6AA /* AnunciosActivosView.swift */ = {isa = PBXFileReference; lastKnownFileType = sourcecode.swift; path = AnunciosActivosView.swift; sourceTree = "<group>"; };
		B3FDA5002BDD7E7600526E6A /* PerfilRow.swift */ = {isa = PBXFileReference; lastKnownFileType = sourcecode.swift; path = PerfilRow.swift; sourceTree = "<group>"; };
		B3FDA5042BDD7EE100526E6A /* AnuncioRow.swift */ = {isa = PBXFileReference; lastKnownFileType = sourcecode.swift; path = AnuncioRow.swift; sourceTree = "<group>"; };
		B3FDA5082BDECF9000526E6A /* FiltrosView.swift */ = {isa = PBXFileReference; lastKnownFileType = sourcecode.swift; path = FiltrosView.swift; sourceTree = "<group>"; };
/* End PBXFileReference section */

/* Begin PBXFrameworksBuildPhase section */
		B318D4B42BAB50850099771C /* Frameworks */ = {
			isa = PBXFrameworksBuildPhase;
			buildActionMask = 2147483647;
			files = (
				B3D0BBDE2BF27AFC004E1AF1 /* FirebaseStorageCombine-Community in Frameworks */,
				B31E2C652BADC62700A14662 /* FirebaseAnalyticsSwift in Frameworks */,
				B31E2C672BADC62700A14662 /* FirebaseAnalyticsWithoutAdIdSupport in Frameworks */,
				B31E2C632BADC62700A14662 /* FirebaseAnalytics in Frameworks */,
				B3D0BBDC2BF27AFC004E1AF1 /* FirebaseStorage in Frameworks */,
				B3D0BBC42BED31BB004E1AF1 /* FirebaseDatabaseSwift in Frameworks */,
				B3D0BBBC2BED3163004E1AF1 /* FirebaseFirestore in Frameworks */,
				B39D5F292BBE00DC00F3F561 /* FirebaseAuth in Frameworks */,
				B3D0BBBE2BED316A004E1AF1 /* FirebaseFirestoreSwift in Frameworks */,
				B3D0BBC22BED31B7004E1AF1 /* FirebaseDatabase in Frameworks */,
				B3D0BBC02BED31B2004E1AF1 /* FirebaseFirestoreCombine-Community in Frameworks */,
			);
			runOnlyForDeploymentPostprocessing = 0;
		};
/* End PBXFrameworksBuildPhase section */

/* Begin PBXGroup section */
		B318D4AE2BAB50850099771C = {
			isa = PBXGroup;
			children = (
				B318D4B92BAB50850099771C /* RoomieFinder */,
				B318D4B82BAB50850099771C /* Products */,
				B31E2C612BADC62700A14662 /* Frameworks */,
			);
			sourceTree = "<group>";
		};
		B318D4B82BAB50850099771C /* Products */ = {
			isa = PBXGroup;
			children = (
				B318D4B72BAB50850099771C /* RoomieFinder.app */,
			);
			name = Products;
			sourceTree = "<group>";
		};
		B318D4B92BAB50850099771C /* RoomieFinder */ = {
			isa = PBXGroup;
			children = (
				B3EA1E802BC58C4A003EF343 /* Architecture */,
				B318D4C82BAB50910099771C /* Resources */,
				B318D4E82BAB5DDC0099771C /* Components */,
				B38451202BC58A2A000ACCD5 /* UseCases */,
				B385FD352BACDE0500A82169 /* Data */,
				B318D4CB2BAB50CF0099771C /* Info.plist */,
				B31E2C5E2BADC50700A14662 /* GoogleService-Info.plist */,
				B318D4BA2BAB50850099771C /* RoomieFinderApp.swift */,
				B318D4C02BAB50870099771C /* Preview Content */,
			);
			path = RoomieFinder;
			sourceTree = "<group>";
		};
		B318D4C02BAB50870099771C /* Preview Content */ = {
			isa = PBXGroup;
			children = (
				B318D4C12BAB50870099771C /* Preview Assets.xcassets */,
			);
			path = "Preview Content";
			sourceTree = "<group>";
		};
		B318D4C82BAB50910099771C /* Resources */ = {
			isa = PBXGroup;
			children = (
				B318D4E32BAB539D0099771C /* Fonts */,
				B318D4BE2BAB50870099771C /* Assets.xcassets */,
				B3EA1E9C2BC591C5003EF343 /* Colors.xcassets */,
			);
			path = Resources;
			sourceTree = "<group>";
		};
		B318D4E32BAB539D0099771C /* Fonts */ = {
			isa = PBXGroup;
			children = (
				B318D4D82BAB52CC0099771C /* Outfit-Bold.ttf */,
				B318D4D42BAB52CC0099771C /* Outfit-Medium.ttf */,
				B318D4C92BAB50C00099771C /* Outfit.ttf */,
			);
			path = Fonts;
			sourceTree = "<group>";
		};
		B318D4E82BAB5DDC0099771C /* Components */ = {
			isa = PBXGroup;
			children = (
				B3EA1EA12BC59231003EF343 /* Multipicker */,
				B3EA1EA02BC59221003EF343 /* UIImagePickerController */,
				B3EA1E9F2BC59216003EF343 /* PerfilDetailView */,
				B3EA1E9E2BC59206003EF343 /* TopBarView */,
				B3FDA5022BDD7EB400526E6A /* PerfilRow */,
				B3FDA5032BDD7EC400526E6A /* AnuncioRow */,
			);
			path = Components;
			sourceTree = "<group>";
		};
		B31E2C612BADC62700A14662 /* Frameworks */ = {
			isa = PBXGroup;
			children = (
			);
			name = Frameworks;
			sourceTree = "<group>";
		};
		B38451202BC58A2A000ACCD5 /* UseCases */ = {
			isa = PBXGroup;
			children = (
				B318D4CD2BAB51290099771C /* LauchScreen.storyboard */,
				B38451212BC58A3B000ACCD5 /* Login */,
				B3EA1E8C2BC58CF4003EF343 /* Home */,
				B3EA1EA42BC59603003EF343 /* Busqueda */,
				B3EA1EE92BC59D68003EF343 /* Mensajes */,
				B3EA1EA52BC5960B003EF343 /* Perfil */,
				B3EADB8A2BD41D9C00C2F6AA /* AnunciosActivos */,
				B3EA1EF72BC59E52003EF343 /* Registro */,
				B3EA1EDB2BC59BFB003EF343 /* CreacionPerfil */,
				B3EA1F052BC59F13003EF343 /* CreacionAnuncio */,
			);
			path = UseCases;
			sourceTree = "<group>";
		};
		B38451212BC58A3B000ACCD5 /* Login */ = {
			isa = PBXGroup;
			children = (
				B3EA1E642BC58A62003EF343 /* LoginViewModel.swift */,
				B3EA1E672BC58A62003EF343 /* LoginView.swift */,
			);
			path = Login;
			sourceTree = "<group>";
		};
		B385FD352BACDE0500A82169 /* Data */ = {
			isa = PBXGroup;
			children = (
				B385FD362BACDE0E00A82169 /* Models */,
				B3D0BBD92BF14BFD004E1AF1 /* GlobalViewModel.swift */,
			);
			path = Data;
			sourceTree = "<group>";
		};
		B385FD362BACDE0E00A82169 /* Models */ = {
			isa = PBXGroup;
			children = (
				B3CFCC292BF51CC900D44618 /* AnuncioModel.swift */,
				B385FD372BACDE1C00A82169 /* UsuarioModel.swift */,
				B362F99A2BF95E5B0051ED7D /* FavoritosModel.swift */,
			);
			path = Models;
			sourceTree = "<group>";
		};
		B3EA1E772BC58C4A003EF343 /* Extensions */ = {
			isa = PBXGroup;
			children = (
				B3EA1E752BC58C4A003EF343 /* TextExtension.swift */,
				B3D0BBC52BED391A004E1AF1 /* SetExtension.swift */,
			);
			path = Extensions;
			sourceTree = "<group>";
		};
		B3EA1E7F2BC58C4A003EF343 /* Utils */ = {
			isa = PBXGroup;
			children = (
				B3EA1E7C2BC58C4A003EF343 /* Constants.swift */,
				B3EA1E7D2BC58C4A003EF343 /* DateFormat.swift */,
				B3D0BBB92BED314B004E1AF1 /* FirestoreUtils.swift */,
			);
			path = Utils;
			sourceTree = "<group>";
		};
		B3EA1E802BC58C4A003EF343 /* Architecture */ = {
			isa = PBXGroup;
			children = (
				B3EA1E772BC58C4A003EF343 /* Extensions */,
				B3EA1E7F2BC58C4A003EF343 /* Utils */,
			);
			path = Architecture;
			sourceTree = "<group>";
		};
		B3EA1E8C2BC58CF4003EF343 /* Home */ = {
			isa = PBXGroup;
			children = (
				B3EA1E8E2BC58D02003EF343 /* HomeViewModel.swift */,
				B3EA1E912BC58D02003EF343 /* HomeView.swift */,
			);
			path = Home;
			sourceTree = "<group>";
		};
		B3EA1E9E2BC59206003EF343 /* TopBarView */ = {
			isa = PBXGroup;
			children = (
				B318D4CF2BAB52880099771C /* TopBarView.swift */,
			);
			path = TopBarView;
			sourceTree = "<group>";
		};
		B3EA1E9F2BC59216003EF343 /* PerfilDetailView */ = {
			isa = PBXGroup;
			children = (
				B39D5F2A2BBF017F00F3F561 /* PerfilDetailView.swift */,
			);
			path = PerfilDetailView;
			sourceTree = "<group>";
		};
		B3EA1EA02BC59221003EF343 /* UIImagePickerController */ = {
			isa = PBXGroup;
			children = (
				B39D5F3D2BC1695B00F3F561 /* UIImagePickerController.swift */,
			);
			path = UIImagePickerController;
			sourceTree = "<group>";
		};
		B3EA1EA12BC59231003EF343 /* Multipicker */ = {
			isa = PBXGroup;
			children = (
				B365F5952BC181B3004D08F4 /* MultiPicker.swift */,
			);
			path = Multipicker;
			sourceTree = "<group>";
		};
		B3EA1EA42BC59603003EF343 /* Busqueda */ = {
			isa = PBXGroup;
			children = (
				B3FDA5062BDECF6D00526E6A /* Filtros */,
				B3EA1EB42BC596D0003EF343 /* BusquedaViewModel.swift */,
				B3EA1EB72BC596D0003EF343 /* BusquedaView.swift */,
			);
			path = Busqueda;
			sourceTree = "<group>";
		};
		B3EA1EA52BC5960B003EF343 /* Perfil */ = {
			isa = PBXGroup;
			children = (
				B3EA1EA72BC59622003EF343 /* PerfilViewModel.swift */,
				B3EA1EAA2BC59622003EF343 /* PerfilView.swift */,
			);
			path = Perfil;
			sourceTree = "<group>";
		};
		B3EA1EDB2BC59BFB003EF343 /* CreacionPerfil */ = {
			isa = PBXGroup;
			children = (
				B3EA1EDD2BC59C0D003EF343 /* CreacionPerfilViewModel.swift */,
				B3EA1EE02BC59C0D003EF343 /* CreacionPerfilView.swift */,
			);
			path = CreacionPerfil;
			sourceTree = "<group>";
		};
		B3EA1EE92BC59D68003EF343 /* Mensajes */ = {
			isa = PBXGroup;
			children = (
				B3EA1EEB2BC59D95003EF343 /* MensajesViewModel.swift */,
				B3EA1EEE2BC59D95003EF343 /* MensajesView.swift */,
			);
			path = Mensajes;
			sourceTree = "<group>";
		};
		B3EA1EF72BC59E52003EF343 /* Registro */ = {
			isa = PBXGroup;
			children = (
				B3EA1EF92BC59E62003EF343 /* RegistroViewModel.swift */,
				B3EA1EFC2BC59E62003EF343 /* RegistroView.swift */,
			);
			path = Registro;
			sourceTree = "<group>";
		};
		B3EA1F052BC59F13003EF343 /* CreacionAnuncio */ = {
			isa = PBXGroup;
			children = (
				B3EA1F072BC59F2B003EF343 /* CreacionAnuncioViewModel.swift */,
				B3EA1F0A2BC59F2B003EF343 /* CreacionAnuncioView.swift */,
			);
			path = CreacionAnuncio;
			sourceTree = "<group>";
		};
		B3EADB8A2BD41D9C00C2F6AA /* AnunciosActivos */ = {
			isa = PBXGroup;
			children = (
				B3EADB8C2BD41DBB00C2F6AA /* AnunciosActivosViewModel.swift */,
				B3EADB8F2BD41DBB00C2F6AA /* AnunciosActivosView.swift */,
			);
			path = AnunciosActivos;
			sourceTree = "<group>";
		};
		B3FDA5022BDD7EB400526E6A /* PerfilRow */ = {
			isa = PBXGroup;
			children = (
				B3FDA5002BDD7E7600526E6A /* PerfilRow.swift */,
			);
			path = PerfilRow;
			sourceTree = "<group>";
		};
		B3FDA5032BDD7EC400526E6A /* AnuncioRow */ = {
			isa = PBXGroup;
			children = (
				B3FDA5042BDD7EE100526E6A /* AnuncioRow.swift */,
			);
			path = AnuncioRow;
			sourceTree = "<group>";
		};
		B3FDA5062BDECF6D00526E6A /* Filtros */ = {
			isa = PBXGroup;
			children = (
				B3FDA5082BDECF9000526E6A /* FiltrosView.swift */,
			);
			path = Filtros;
			sourceTree = "<group>";
		};
/* End PBXGroup section */

/* Begin PBXNativeTarget section */
		B318D4B62BAB50850099771C /* RoomieFinder */ = {
			isa = PBXNativeTarget;
			buildConfigurationList = B318D4C52BAB50870099771C /* Build configuration list for PBXNativeTarget "RoomieFinder" */;
			buildPhases = (
				B318D4B32BAB50850099771C /* Sources */,
				B318D4B42BAB50850099771C /* Frameworks */,
				B318D4B52BAB50850099771C /* Resources */,
			);
			buildRules = (
			);
			dependencies = (
			);
			name = RoomieFinder;
			packageProductDependencies = (
				B31E2C622BADC62700A14662 /* FirebaseAnalytics */,
				B31E2C642BADC62700A14662 /* FirebaseAnalyticsSwift */,
				B31E2C662BADC62700A14662 /* FirebaseAnalyticsWithoutAdIdSupport */,
				B39D5F282BBE00DC00F3F561 /* FirebaseAuth */,
				B3D0BBBB2BED3163004E1AF1 /* FirebaseFirestore */,
				B3D0BBBD2BED316A004E1AF1 /* FirebaseFirestoreSwift */,
				B3D0BBBF2BED31B2004E1AF1 /* FirebaseFirestoreCombine-Community */,
				B3D0BBC12BED31B7004E1AF1 /* FirebaseDatabase */,
				B3D0BBC32BED31BB004E1AF1 /* FirebaseDatabaseSwift */,
				B3D0BBDB2BF27AFC004E1AF1 /* FirebaseStorage */,
				B3D0BBDD2BF27AFC004E1AF1 /* FirebaseStorageCombine-Community */,
			);
			productName = RoomieFinder;
			productReference = B318D4B72BAB50850099771C /* RoomieFinder.app */;
			productType = "com.apple.product-type.application";
		};
/* End PBXNativeTarget section */

/* Begin PBXProject section */
		B318D4AF2BAB50850099771C /* Project object */ = {
			isa = PBXProject;
			attributes = {
				BuildIndependentTargetsInParallel = 1;
				LastSwiftUpdateCheck = 1530;
				LastUpgradeCheck = 1530;
				TargetAttributes = {
					B318D4B62BAB50850099771C = {
						CreatedOnToolsVersion = 15.3;
					};
				};
			};
			buildConfigurationList = B318D4B22BAB50850099771C /* Build configuration list for PBXProject "RoomieFinder" */;
			compatibilityVersion = "Xcode 14.0";
			developmentRegion = es;
			hasScannedForEncodings = 0;
			knownRegions = (
				Base,
				es,
			);
			mainGroup = B318D4AE2BAB50850099771C;
			packageReferences = (
				B31E2C602BADC5FB00A14662 /* XCRemoteSwiftPackageReference "firebase-ios-sdk" */,
			);
			productRefGroup = B318D4B82BAB50850099771C /* Products */;
			projectDirPath = "";
			projectRoot = "";
			targets = (
				B318D4B62BAB50850099771C /* RoomieFinder */,
			);
		};
/* End PBXProject section */

/* Begin PBXResourcesBuildPhase section */
		B318D4B52BAB50850099771C /* Resources */ = {
			isa = PBXResourcesBuildPhase;
			buildActionMask = 2147483647;
			files = (
				B31E2C5F2BADC50700A14662 /* GoogleService-Info.plist in Resources */,
				B318D4E12BAB52CC0099771C /* Outfit-Bold.ttf in Resources */,
				B318D4C22BAB50870099771C /* Preview Assets.xcassets in Resources */,
				B3EA1E9D2BC591C5003EF343 /* Colors.xcassets in Resources */,
				B318D4BF2BAB50870099771C /* Assets.xcassets in Resources */,
				B318D4CE2BAB51290099771C /* LauchScreen.storyboard in Resources */,
				B318D4CA2BAB50C00099771C /* Outfit.ttf in Resources */,
				B318D4DD2BAB52CC0099771C /* Outfit-Medium.ttf in Resources */,
			);
			runOnlyForDeploymentPostprocessing = 0;
		};
/* End PBXResourcesBuildPhase section */

/* Begin PBXSourcesBuildPhase section */
		B318D4B32BAB50850099771C /* Sources */ = {
			isa = PBXSourcesBuildPhase;
			buildActionMask = 2147483647;
			files = (
				B385FD382BACDE1C00A82169 /* UsuarioModel.swift in Sources */,
				B3D0BBDA2BF14BFD004E1AF1 /* GlobalViewModel.swift in Sources */,
				B39D5F2B2BBF017F00F3F561 /* PerfilDetailView.swift in Sources */,
				B318D4D02BAB52880099771C /* TopBarView.swift in Sources */,
				B3FDA5012BDD7E7600526E6A /* PerfilRow.swift in Sources */,
				B3D0BBBA2BED314B004E1AF1 /* FirestoreUtils.swift in Sources */,
				B3EA1E8A2BC58C4A003EF343 /* DateFormat.swift in Sources */,
				B3EA1EBA2BC596D0003EF343 /* BusquedaViewModel.swift in Sources */,
				B3EA1EBD2BC596D0003EF343 /* BusquedaView.swift in Sources */,
				B3EA1EAD2BC59622003EF343 /* PerfilViewModel.swift in Sources */,
				B3EA1EB02BC59622003EF343 /* PerfilView.swift in Sources */,
				B3CFCC2A2BF51CC900D44618 /* AnuncioModel.swift in Sources */,
				B3EA1E942BC58D02003EF343 /* HomeViewModel.swift in Sources */,
				B3EA1E972BC58D02003EF343 /* HomeView.swift in Sources */,
				B3EA1E6A2BC58A62003EF343 /* LoginViewModel.swift in Sources */,
				B3EA1E892BC58C4A003EF343 /* Constants.swift in Sources */,
				B3EADB922BD41DBB00C2F6AA /* AnunciosActivosViewModel.swift in Sources */,
				B3EADB952BD41DBB00C2F6AA /* AnunciosActivosView.swift in Sources */,
				B3EA1EFF2BC59E62003EF343 /* RegistroViewModel.swift in Sources */,
				B3EA1F022BC59E62003EF343 /* RegistroView.swift in Sources */,
				B3EA1E6D2BC58A62003EF343 /* LoginView.swift in Sources */,
				B3EA1EE32BC59C0D003EF343 /* CreacionPerfilViewModel.swift in Sources */,
				B3EA1EE62BC59C0D003EF343 /* CreacionPerfilView.swift in Sources */,
				B3FDA5052BDD7EE100526E6A /* AnuncioRow.swift in Sources */,
				B362F99B2BF95E5B0051ED7D /* FavoritosModel.swift in Sources */,
				B318D4BB2BAB50850099771C /* RoomieFinderApp.swift in Sources */,
				B3EA1F0D2BC59F2B003EF343 /* CreacionAnuncioViewModel.swift in Sources */,
				B3EA1F102BC59F2B003EF343 /* CreacionAnuncioView.swift in Sources */,
				B3EA1EF12BC59D95003EF343 /* MensajesViewModel.swift in Sources */,
				B3EA1EF42BC59D95003EF343 /* MensajesView.swift in Sources */,
				B365F5962BC181B3004D08F4 /* MultiPicker.swift in Sources */,
				B3EA1E852BC58C4A003EF343 /* TextExtension.swift in Sources */,
				B3FDA5092BDECF9000526E6A /* FiltrosView.swift in Sources */,
				B3D0BBC62BED391A004E1AF1 /* SetExtension.swift in Sources */,
				B39D5F3E2BC1695B00F3F561 /* UIImagePickerController.swift in Sources */,
			);
			runOnlyForDeploymentPostprocessing = 0;
		};
/* End PBXSourcesBuildPhase section */

/* Begin XCBuildConfiguration section */
		B318D4C32BAB50870099771C /* Debug */ = {
			isa = XCBuildConfiguration;
			buildSettings = {
				ALWAYS_SEARCH_USER_PATHS = NO;
				ASSETCATALOG_COMPILER_GENERATE_SWIFT_ASSET_SYMBOL_EXTENSIONS = YES;
				CLANG_ANALYZER_NONNULL = YES;
				CLANG_ANALYZER_NUMBER_OBJECT_CONVERSION = YES_AGGRESSIVE;
				CLANG_CXX_LANGUAGE_STANDARD = "gnu++20";
				CLANG_ENABLE_MODULES = YES;
				CLANG_ENABLE_OBJC_ARC = YES;
				CLANG_ENABLE_OBJC_WEAK = YES;
				CLANG_WARN_BLOCK_CAPTURE_AUTORELEASING = YES;
				CLANG_WARN_BOOL_CONVERSION = YES;
				CLANG_WARN_COMMA = YES;
				CLANG_WARN_CONSTANT_CONVERSION = YES;
				CLANG_WARN_DEPRECATED_OBJC_IMPLEMENTATIONS = YES;
				CLANG_WARN_DIRECT_OBJC_ISA_USAGE = YES_ERROR;
				CLANG_WARN_DOCUMENTATION_COMMENTS = YES;
				CLANG_WARN_EMPTY_BODY = YES;
				CLANG_WARN_ENUM_CONVERSION = YES;
				CLANG_WARN_INFINITE_RECURSION = YES;
				CLANG_WARN_INT_CONVERSION = YES;
				CLANG_WARN_NON_LITERAL_NULL_CONVERSION = YES;
				CLANG_WARN_OBJC_IMPLICIT_RETAIN_SELF = YES;
				CLANG_WARN_OBJC_LITERAL_CONVERSION = YES;
				CLANG_WARN_OBJC_ROOT_CLASS = YES_ERROR;
				CLANG_WARN_QUOTED_INCLUDE_IN_FRAMEWORK_HEADER = YES;
				CLANG_WARN_RANGE_LOOP_ANALYSIS = YES;
				CLANG_WARN_STRICT_PROTOTYPES = YES;
				CLANG_WARN_SUSPICIOUS_MOVE = YES;
				CLANG_WARN_UNGUARDED_AVAILABILITY = YES_AGGRESSIVE;
				CLANG_WARN_UNREACHABLE_CODE = YES;
				CLANG_WARN__DUPLICATE_METHOD_MATCH = YES;
				COPY_PHASE_STRIP = NO;
				DEBUG_INFORMATION_FORMAT = dwarf;
				ENABLE_STRICT_OBJC_MSGSEND = YES;
				ENABLE_TESTABILITY = YES;
				ENABLE_USER_SCRIPT_SANDBOXING = YES;
				GCC_C_LANGUAGE_STANDARD = gnu17;
				GCC_DYNAMIC_NO_PIC = NO;
				GCC_NO_COMMON_BLOCKS = YES;
				GCC_OPTIMIZATION_LEVEL = 0;
				GCC_PREPROCESSOR_DEFINITIONS = (
					"DEBUG=1",
					"$(inherited)",
				);
				GCC_WARN_64_TO_32_BIT_CONVERSION = YES;
				GCC_WARN_ABOUT_RETURN_TYPE = YES_ERROR;
				GCC_WARN_UNDECLARED_SELECTOR = YES;
				GCC_WARN_UNINITIALIZED_AUTOS = YES_AGGRESSIVE;
				GCC_WARN_UNUSED_FUNCTION = YES;
				GCC_WARN_UNUSED_VARIABLE = YES;
				IPHONEOS_DEPLOYMENT_TARGET = 16.0;
				LOCALIZATION_PREFERS_STRING_CATALOGS = YES;
				MTL_ENABLE_DEBUG_INFO = INCLUDE_SOURCE;
				MTL_FAST_MATH = YES;
				ONLY_ACTIVE_ARCH = YES;
				SDKROOT = iphoneos;
				SWIFT_ACTIVE_COMPILATION_CONDITIONS = "DEBUG $(inherited)";
				SWIFT_OPTIMIZATION_LEVEL = "-Onone";
			};
			name = Debug;
		};
		B318D4C42BAB50870099771C /* Release */ = {
			isa = XCBuildConfiguration;
			buildSettings = {
				ALWAYS_SEARCH_USER_PATHS = NO;
				ASSETCATALOG_COMPILER_GENERATE_SWIFT_ASSET_SYMBOL_EXTENSIONS = YES;
				CLANG_ANALYZER_NONNULL = YES;
				CLANG_ANALYZER_NUMBER_OBJECT_CONVERSION = YES_AGGRESSIVE;
				CLANG_CXX_LANGUAGE_STANDARD = "gnu++20";
				CLANG_ENABLE_MODULES = YES;
				CLANG_ENABLE_OBJC_ARC = YES;
				CLANG_ENABLE_OBJC_WEAK = YES;
				CLANG_WARN_BLOCK_CAPTURE_AUTORELEASING = YES;
				CLANG_WARN_BOOL_CONVERSION = YES;
				CLANG_WARN_COMMA = YES;
				CLANG_WARN_CONSTANT_CONVERSION = YES;
				CLANG_WARN_DEPRECATED_OBJC_IMPLEMENTATIONS = YES;
				CLANG_WARN_DIRECT_OBJC_ISA_USAGE = YES_ERROR;
				CLANG_WARN_DOCUMENTATION_COMMENTS = YES;
				CLANG_WARN_EMPTY_BODY = YES;
				CLANG_WARN_ENUM_CONVERSION = YES;
				CLANG_WARN_INFINITE_RECURSION = YES;
				CLANG_WARN_INT_CONVERSION = YES;
				CLANG_WARN_NON_LITERAL_NULL_CONVERSION = YES;
				CLANG_WARN_OBJC_IMPLICIT_RETAIN_SELF = YES;
				CLANG_WARN_OBJC_LITERAL_CONVERSION = YES;
				CLANG_WARN_OBJC_ROOT_CLASS = YES_ERROR;
				CLANG_WARN_QUOTED_INCLUDE_IN_FRAMEWORK_HEADER = YES;
				CLANG_WARN_RANGE_LOOP_ANALYSIS = YES;
				CLANG_WARN_STRICT_PROTOTYPES = YES;
				CLANG_WARN_SUSPICIOUS_MOVE = YES;
				CLANG_WARN_UNGUARDED_AVAILABILITY = YES_AGGRESSIVE;
				CLANG_WARN_UNREACHABLE_CODE = YES;
				CLANG_WARN__DUPLICATE_METHOD_MATCH = YES;
				COPY_PHASE_STRIP = NO;
				DEBUG_INFORMATION_FORMAT = "dwarf-with-dsym";
				ENABLE_NS_ASSERTIONS = NO;
				ENABLE_STRICT_OBJC_MSGSEND = YES;
				ENABLE_USER_SCRIPT_SANDBOXING = YES;
				GCC_C_LANGUAGE_STANDARD = gnu17;
				GCC_NO_COMMON_BLOCKS = YES;
				GCC_WARN_64_TO_32_BIT_CONVERSION = YES;
				GCC_WARN_ABOUT_RETURN_TYPE = YES_ERROR;
				GCC_WARN_UNDECLARED_SELECTOR = YES;
				GCC_WARN_UNINITIALIZED_AUTOS = YES_AGGRESSIVE;
				GCC_WARN_UNUSED_FUNCTION = YES;
				GCC_WARN_UNUSED_VARIABLE = YES;
				IPHONEOS_DEPLOYMENT_TARGET = 16.0;
				LOCALIZATION_PREFERS_STRING_CATALOGS = YES;
				MTL_ENABLE_DEBUG_INFO = NO;
				MTL_FAST_MATH = YES;
				SDKROOT = iphoneos;
				SWIFT_COMPILATION_MODE = wholemodule;
				VALIDATE_PRODUCT = YES;
			};
			name = Release;
		};
		B318D4C62BAB50870099771C /* Debug */ = {
			isa = XCBuildConfiguration;
			buildSettings = {
				ASSETCATALOG_COMPILER_APPICON_NAME = AppIcon;
				ASSETCATALOG_COMPILER_GLOBAL_ACCENT_COLOR_NAME = AccentColor;
				CODE_SIGN_ENTITLEMENTS = RoomieFinder/RoomieFinder.entitlements;
				CODE_SIGN_STYLE = Automatic;
				CURRENT_PROJECT_VERSION = 1;
				DEVELOPMENT_ASSET_PATHS = "\"RoomieFinder/Preview Content\"";
				DEVELOPMENT_TEAM = LCB3H3K86U;
				ENABLE_PREVIEWS = YES;
				GENERATE_INFOPLIST_FILE = YES;
				INFOPLIST_FILE = RoomieFinder/Info.plist;
				INFOPLIST_KEY_UIApplicationSceneManifest_Generation = YES;
				INFOPLIST_KEY_UIApplicationSupportsIndirectInputEvents = YES;
				INFOPLIST_KEY_UILaunchScreen_Generation = YES;
				INFOPLIST_KEY_UILaunchStoryboardName = LauchScreen.storyboard;
				INFOPLIST_KEY_UISupportedInterfaceOrientations = UIInterfaceOrientationPortrait;
				INFOPLIST_KEY_UISupportedInterfaceOrientations_iPad = "UIInterfaceOrientationLandscapeLeft UIInterfaceOrientationLandscapeRight UIInterfaceOrientationPortrait UIInterfaceOrientationPortraitUpsideDown";
				IPHONEOS_DEPLOYMENT_TARGET = 16.0;
				LD_RUNPATH_SEARCH_PATHS = (
					"$(inherited)",
					"@executable_path/Frameworks",
				);
				MARKETING_VERSION = 1.0;
				PRODUCT_BUNDLE_IDENTIFIER = com.guillermo.RoomieFinder;
				PRODUCT_NAME = "$(TARGET_NAME)";
				SUPPORTED_PLATFORMS = "iphoneos iphonesimulator";
				SUPPORTS_MACCATALYST = NO;
				SUPPORTS_MAC_DESIGNED_FOR_IPHONE_IPAD = NO;
				SUPPORTS_XR_DESIGNED_FOR_IPHONE_IPAD = NO;
				SWIFT_EMIT_LOC_STRINGS = YES;
				SWIFT_VERSION = 5.0;
				TARGETED_DEVICE_FAMILY = 1;
			};
			name = Debug;
		};
		B318D4C72BAB50870099771C /* Release */ = {
			isa = XCBuildConfiguration;
			buildSettings = {
				ASSETCATALOG_COMPILER_APPICON_NAME = AppIcon;
				ASSETCATALOG_COMPILER_GLOBAL_ACCENT_COLOR_NAME = AccentColor;
				CODE_SIGN_ENTITLEMENTS = RoomieFinder/RoomieFinder.entitlements;
				CODE_SIGN_STYLE = Automatic;
				CURRENT_PROJECT_VERSION = 1;
				DEVELOPMENT_ASSET_PATHS = "\"RoomieFinder/Preview Content\"";
				DEVELOPMENT_TEAM = LCB3H3K86U;
				ENABLE_PREVIEWS = YES;
				GENERATE_INFOPLIST_FILE = YES;
				INFOPLIST_FILE = RoomieFinder/Info.plist;
				INFOPLIST_KEY_UIApplicationSceneManifest_Generation = YES;
				INFOPLIST_KEY_UIApplicationSupportsIndirectInputEvents = YES;
				INFOPLIST_KEY_UILaunchScreen_Generation = YES;
				INFOPLIST_KEY_UILaunchStoryboardName = LauchScreen.storyboard;
				INFOPLIST_KEY_UISupportedInterfaceOrientations = UIInterfaceOrientationPortrait;
				INFOPLIST_KEY_UISupportedInterfaceOrientations_iPad = "UIInterfaceOrientationLandscapeLeft UIInterfaceOrientationLandscapeRight UIInterfaceOrientationPortrait UIInterfaceOrientationPortraitUpsideDown";
				IPHONEOS_DEPLOYMENT_TARGET = 16.0;
				LD_RUNPATH_SEARCH_PATHS = (
					"$(inherited)",
					"@executable_path/Frameworks",
				);
				MARKETING_VERSION = 1.0;
				PRODUCT_BUNDLE_IDENTIFIER = com.guillermo.RoomieFinder;
				PRODUCT_NAME = "$(TARGET_NAME)";
				SUPPORTED_PLATFORMS = "iphoneos iphonesimulator";
				SUPPORTS_MACCATALYST = NO;
				SUPPORTS_MAC_DESIGNED_FOR_IPHONE_IPAD = NO;
				SUPPORTS_XR_DESIGNED_FOR_IPHONE_IPAD = NO;
				SWIFT_EMIT_LOC_STRINGS = YES;
				SWIFT_VERSION = 5.0;
				TARGETED_DEVICE_FAMILY = 1;
			};
			name = Release;
		};
/* End XCBuildConfiguration section */

/* Begin XCConfigurationList section */
		B318D4B22BAB50850099771C /* Build configuration list for PBXProject "RoomieFinder" */ = {
			isa = XCConfigurationList;
			buildConfigurations = (
				B318D4C32BAB50870099771C /* Debug */,
				B318D4C42BAB50870099771C /* Release */,
			);
			defaultConfigurationIsVisible = 0;
			defaultConfigurationName = Release;
		};
		B318D4C52BAB50870099771C /* Build configuration list for PBXNativeTarget "RoomieFinder" */ = {
			isa = XCConfigurationList;
			buildConfigurations = (
				B318D4C62BAB50870099771C /* Debug */,
				B318D4C72BAB50870099771C /* Release */,
			);
			defaultConfigurationIsVisible = 0;
			defaultConfigurationName = Release;
		};
/* End XCConfigurationList section */

/* Begin XCRemoteSwiftPackageReference section */
		B31E2C602BADC5FB00A14662 /* XCRemoteSwiftPackageReference "firebase-ios-sdk" */ = {
			isa = XCRemoteSwiftPackageReference;
			repositoryURL = "https://github.com/firebase/firebase-ios-sdk.git";
			requirement = {
				kind = upToNextMajorVersion;
				minimumVersion = 10.23.0;
			};
		};
/* End XCRemoteSwiftPackageReference section */

/* Begin XCSwiftPackageProductDependency section */
		B31E2C622BADC62700A14662 /* FirebaseAnalytics */ = {
			isa = XCSwiftPackageProductDependency;
			package = B31E2C602BADC5FB00A14662 /* XCRemoteSwiftPackageReference "firebase-ios-sdk" */;
			productName = FirebaseAnalytics;
		};
		B31E2C642BADC62700A14662 /* FirebaseAnalyticsSwift */ = {
			isa = XCSwiftPackageProductDependency;
			package = B31E2C602BADC5FB00A14662 /* XCRemoteSwiftPackageReference "firebase-ios-sdk" */;
			productName = FirebaseAnalyticsSwift;
		};
		B31E2C662BADC62700A14662 /* FirebaseAnalyticsWithoutAdIdSupport */ = {
			isa = XCSwiftPackageProductDependency;
			package = B31E2C602BADC5FB00A14662 /* XCRemoteSwiftPackageReference "firebase-ios-sdk" */;
			productName = FirebaseAnalyticsWithoutAdIdSupport;
		};
		B39D5F282BBE00DC00F3F561 /* FirebaseAuth */ = {
			isa = XCSwiftPackageProductDependency;
			package = B31E2C602BADC5FB00A14662 /* XCRemoteSwiftPackageReference "firebase-ios-sdk" */;
			productName = FirebaseAuth;
		};
		B3D0BBBB2BED3163004E1AF1 /* FirebaseFirestore */ = {
			isa = XCSwiftPackageProductDependency;
			package = B31E2C602BADC5FB00A14662 /* XCRemoteSwiftPackageReference "firebase-ios-sdk" */;
			productName = FirebaseFirestore;
		};
		B3D0BBBD2BED316A004E1AF1 /* FirebaseFirestoreSwift */ = {
			isa = XCSwiftPackageProductDependency;
			package = B31E2C602BADC5FB00A14662 /* XCRemoteSwiftPackageReference "firebase-ios-sdk" */;
			productName = FirebaseFirestoreSwift;
		};
		B3D0BBBF2BED31B2004E1AF1 /* FirebaseFirestoreCombine-Community */ = {
			isa = XCSwiftPackageProductDependency;
			package = B31E2C602BADC5FB00A14662 /* XCRemoteSwiftPackageReference "firebase-ios-sdk" */;
			productName = "FirebaseFirestoreCombine-Community";
		};
		B3D0BBC12BED31B7004E1AF1 /* FirebaseDatabase */ = {
			isa = XCSwiftPackageProductDependency;
			package = B31E2C602BADC5FB00A14662 /* XCRemoteSwiftPackageReference "firebase-ios-sdk" */;
			productName = FirebaseDatabase;
		};
		B3D0BBC32BED31BB004E1AF1 /* FirebaseDatabaseSwift */ = {
			isa = XCSwiftPackageProductDependency;
			package = B31E2C602BADC5FB00A14662 /* XCRemoteSwiftPackageReference "firebase-ios-sdk" */;
			productName = FirebaseDatabaseSwift;
		};
		B3D0BBDB2BF27AFC004E1AF1 /* FirebaseStorage */ = {
			isa = XCSwiftPackageProductDependency;
			package = B31E2C602BADC5FB00A14662 /* XCRemoteSwiftPackageReference "firebase-ios-sdk" */;
			productName = FirebaseStorage;
		};
		B3D0BBDD2BF27AFC004E1AF1 /* FirebaseStorageCombine-Community */ = {
			isa = XCSwiftPackageProductDependency;
			package = B31E2C602BADC5FB00A14662 /* XCRemoteSwiftPackageReference "firebase-ios-sdk" */;
			productName = "FirebaseStorageCombine-Community";
		};
/* End XCSwiftPackageProductDependency section */
	};
	rootObject = B318D4AF2BAB50850099771C /* Project object */;
}
