// !$*UTF8*$!
{
	archiveVersion = 1;
	classes = {
	};
	objectVersion = 56;
	objects = {

/* Begin PBXBuildFile section */
		B318D4BB2BAB50850099771C /* RoomieFinderApp.swift in Sources */ = {isa = PBXBuildFile; fileRef = B318D4BA2BAB50850099771C /* RoomieFinderApp.swift */; };
		B318D4BF2BAB50870099771C /* Assets.xcassets in Resources */ = {isa = PBXBuildFile; fileRef = B318D4BE2BAB50870099771C /* Assets.xcassets */; };
		B318D4C22BAB50870099771C /* Preview Assets.xcassets in Resources */ = {isa = PBXBuildFile; fileRef = B318D4C12BAB50870099771C /* Preview Assets.xcassets */; };
		B318D4CA2BAB50C00099771C /* Outfit.ttf in Resources */ = {isa = PBXBuildFile; fileRef = B318D4C92BAB50C00099771C /* Outfit.ttf */; };
		B318D4CE2BAB51290099771C /* LauchScreen.storyboard in Resources */ = {isa = PBXBuildFile; fileRef = B318D4CD2BAB51290099771C /* LauchScreen.storyboard */; };
		B318D4D02BAB52880099771C /* TopBarView.swift in Sources */ = {isa = PBXBuildFile; fileRef = B318D4CF2BAB52880099771C /* TopBarView.swift */; };
		B318D4DD2BAB52CC0099771C /* Outfit-Medium.ttf in Resources */ = {isa = PBXBuildFile; fileRef = B318D4D42BAB52CC0099771C /* Outfit-Medium.ttf */; };
		B318D4E12BAB52CC0099771C /* Outfit-Bold.ttf in Resources */ = {isa = PBXBuildFile; fileRef = B318D4D82BAB52CC0099771C /* Outfit-Bold.ttf */; };
		B318D4E52BAB53B00099771C /* Constants.swift in Sources */ = {isa = PBXBuildFile; fileRef = B318D4E42BAB53B00099771C /* Constants.swift */; };
		B318D4E72BAB5D040099771C /* MainView.swift in Sources */ = {isa = PBXBuildFile; fileRef = B318D4E62BAB5D040099771C /* MainView.swift */; };
		B318D4EA2BAB5F480099771C /* PisosView.swift in Sources */ = {isa = PBXBuildFile; fileRef = B318D4E92BAB5F480099771C /* PisosView.swift */; };
		B318D4EC2BAB60930099771C /* PersonasView.swift in Sources */ = {isa = PBXBuildFile; fileRef = B318D4EB2BAB60930099771C /* PersonasView.swift */; };
		B318D4EE2BAB7AD00099771C /* BusquedaView.swift in Sources */ = {isa = PBXBuildFile; fileRef = B318D4ED2BAB7AD00099771C /* BusquedaView.swift */; };
		B318D4F02BAB7AD70099771C /* MensajesView.swift in Sources */ = {isa = PBXBuildFile; fileRef = B318D4EF2BAB7AD70099771C /* MensajesView.swift */; };
		B318D4F22BAB7ADD0099771C /* PerfilView.swift in Sources */ = {isa = PBXBuildFile; fileRef = B318D4F12BAB7ADD0099771C /* PerfilView.swift */; };
		B31E2C5F2BADC50700A14662 /* GoogleService-Info.plist in Resources */ = {isa = PBXBuildFile; fileRef = B31E2C5E2BADC50700A14662 /* GoogleService-Info.plist */; };
		B31E2C632BADC62700A14662 /* FirebaseAnalytics in Frameworks */ = {isa = PBXBuildFile; productRef = B31E2C622BADC62700A14662 /* FirebaseAnalytics */; };
		B31E2C652BADC62700A14662 /* FirebaseAnalyticsSwift in Frameworks */ = {isa = PBXBuildFile; productRef = B31E2C642BADC62700A14662 /* FirebaseAnalyticsSwift */; };
		B31E2C672BADC62700A14662 /* FirebaseAnalyticsWithoutAdIdSupport in Frameworks */ = {isa = PBXBuildFile; productRef = B31E2C662BADC62700A14662 /* FirebaseAnalyticsWithoutAdIdSupport */; };
		B31E2C6F2BADE1C400A14662 /* AnuncioPisosModel.swift in Sources */ = {isa = PBXBuildFile; fileRef = B31E2C6E2BADE1C400A14662 /* AnuncioPisosModel.swift */; };
		B31E2C712BADE48C00A14662 /* AnunciosPisos.json in Resources */ = {isa = PBXBuildFile; fileRef = B31E2C702BADE48C00A14662 /* AnunciosPisos.json */; };
		B31E2C732BADE54500A14662 /* PisoRow.swift in Sources */ = {isa = PBXBuildFile; fileRef = B31E2C722BADE54500A14662 /* PisoRow.swift */; };
		B31E2C752BAF394E00A14662 /* LoginView.swift in Sources */ = {isa = PBXBuildFile; fileRef = B31E2C742BAF394E00A14662 /* LoginView.swift */; };
		B31E2C782BBDA72E00A14662 /* LoginViewModel.swift in Sources */ = {isa = PBXBuildFile; fileRef = B31E2C772BBDA72E00A14662 /* LoginViewModel.swift */; };
		B385FD322BACC98100A82169 /* PerfilRow.swift in Sources */ = {isa = PBXBuildFile; fileRef = B385FD312BACC98100A82169 /* PerfilRow.swift */; };
		B385FD342BACDDE500A82169 /* Perfiles.json in Resources */ = {isa = PBXBuildFile; fileRef = B385FD332BACDDE500A82169 /* Perfiles.json */; };
		B385FD382BACDE1C00A82169 /* PerfilModel.swift in Sources */ = {isa = PBXBuildFile; fileRef = B385FD372BACDE1C00A82169 /* PerfilModel.swift */; };
		B39D5F292BBE00DC00F3F561 /* FirebaseAuth in Frameworks */ = {isa = PBXBuildFile; productRef = B39D5F282BBE00DC00F3F561 /* FirebaseAuth */; };
/* End PBXBuildFile section */

/* Begin PBXFileReference section */
		B318D4B72BAB50850099771C /* RoomieFinder.app */ = {isa = PBXFileReference; explicitFileType = wrapper.application; includeInIndex = 0; path = RoomieFinder.app; sourceTree = BUILT_PRODUCTS_DIR; };
		B318D4BA2BAB50850099771C /* RoomieFinderApp.swift */ = {isa = PBXFileReference; lastKnownFileType = sourcecode.swift; path = RoomieFinderApp.swift; sourceTree = "<group>"; };
		B318D4BE2BAB50870099771C /* Assets.xcassets */ = {isa = PBXFileReference; lastKnownFileType = folder.assetcatalog; path = Assets.xcassets; sourceTree = "<group>"; };
		B318D4C12BAB50870099771C /* Preview Assets.xcassets */ = {isa = PBXFileReference; lastKnownFileType = folder.assetcatalog; path = "Preview Assets.xcassets"; sourceTree = "<group>"; };
		B318D4C92BAB50C00099771C /* Outfit.ttf */ = {isa = PBXFileReference; lastKnownFileType = file; path = Outfit.ttf; sourceTree = "<group>"; };
		B318D4CB2BAB50CF0099771C /* Info.plist */ = {isa = PBXFileReference; lastKnownFileType = text.plist; path = Info.plist; sourceTree = "<group>"; };
		B318D4CD2BAB51290099771C /* LauchScreen.storyboard */ = {isa = PBXFileReference; lastKnownFileType = file.storyboard; path = LauchScreen.storyboard; sourceTree = "<group>"; };
		B318D4CF2BAB52880099771C /* TopBarView.swift */ = {isa = PBXFileReference; lastKnownFileType = sourcecode.swift; path = TopBarView.swift; sourceTree = "<group>"; };
		B318D4D42BAB52CC0099771C /* Outfit-Medium.ttf */ = {isa = PBXFileReference; lastKnownFileType = file; path = "Outfit-Medium.ttf"; sourceTree = "<group>"; };
		B318D4D82BAB52CC0099771C /* Outfit-Bold.ttf */ = {isa = PBXFileReference; lastKnownFileType = file; path = "Outfit-Bold.ttf"; sourceTree = "<group>"; };
		B318D4E42BAB53B00099771C /* Constants.swift */ = {isa = PBXFileReference; lastKnownFileType = sourcecode.swift; path = Constants.swift; sourceTree = "<group>"; };
		B318D4E62BAB5D040099771C /* MainView.swift */ = {isa = PBXFileReference; lastKnownFileType = sourcecode.swift; path = MainView.swift; sourceTree = "<group>"; };
		B318D4E92BAB5F480099771C /* PisosView.swift */ = {isa = PBXFileReference; lastKnownFileType = sourcecode.swift; path = PisosView.swift; sourceTree = "<group>"; };
		B318D4EB2BAB60930099771C /* PersonasView.swift */ = {isa = PBXFileReference; lastKnownFileType = sourcecode.swift; path = PersonasView.swift; sourceTree = "<group>"; };
		B318D4ED2BAB7AD00099771C /* BusquedaView.swift */ = {isa = PBXFileReference; lastKnownFileType = sourcecode.swift; path = BusquedaView.swift; sourceTree = "<group>"; };
		B318D4EF2BAB7AD70099771C /* MensajesView.swift */ = {isa = PBXFileReference; lastKnownFileType = sourcecode.swift; path = MensajesView.swift; sourceTree = "<group>"; };
		B318D4F12BAB7ADD0099771C /* PerfilView.swift */ = {isa = PBXFileReference; lastKnownFileType = sourcecode.swift; path = PerfilView.swift; sourceTree = "<group>"; };
		B31E2C5E2BADC50700A14662 /* GoogleService-Info.plist */ = {isa = PBXFileReference; fileEncoding = 4; lastKnownFileType = text.plist.xml; path = "GoogleService-Info.plist"; sourceTree = "<group>"; };
		B31E2C6E2BADE1C400A14662 /* AnuncioPisosModel.swift */ = {isa = PBXFileReference; lastKnownFileType = sourcecode.swift; path = AnuncioPisosModel.swift; sourceTree = "<group>"; };
		B31E2C702BADE48C00A14662 /* AnunciosPisos.json */ = {isa = PBXFileReference; lastKnownFileType = text.json; path = AnunciosPisos.json; sourceTree = "<group>"; };
		B31E2C722BADE54500A14662 /* PisoRow.swift */ = {isa = PBXFileReference; lastKnownFileType = sourcecode.swift; path = PisoRow.swift; sourceTree = "<group>"; };
		B31E2C742BAF394E00A14662 /* LoginView.swift */ = {isa = PBXFileReference; lastKnownFileType = sourcecode.swift; path = LoginView.swift; sourceTree = "<group>"; };
		B31E2C772BBDA72E00A14662 /* LoginViewModel.swift */ = {isa = PBXFileReference; lastKnownFileType = sourcecode.swift; path = LoginViewModel.swift; sourceTree = "<group>"; };
		B385FD312BACC98100A82169 /* PerfilRow.swift */ = {isa = PBXFileReference; lastKnownFileType = sourcecode.swift; path = PerfilRow.swift; sourceTree = "<group>"; };
		B385FD332BACDDE500A82169 /* Perfiles.json */ = {isa = PBXFileReference; lastKnownFileType = text.json; path = Perfiles.json; sourceTree = "<group>"; };
		B385FD372BACDE1C00A82169 /* PerfilModel.swift */ = {isa = PBXFileReference; lastKnownFileType = sourcecode.swift; path = PerfilModel.swift; sourceTree = "<group>"; };
/* End PBXFileReference section */

/* Begin PBXFrameworksBuildPhase section */
		B318D4B42BAB50850099771C /* Frameworks */ = {
			isa = PBXFrameworksBuildPhase;
			buildActionMask = 2147483647;
			files = (
				B31E2C652BADC62700A14662 /* FirebaseAnalyticsSwift in Frameworks */,
				B31E2C672BADC62700A14662 /* FirebaseAnalyticsWithoutAdIdSupport in Frameworks */,
				B31E2C632BADC62700A14662 /* FirebaseAnalytics in Frameworks */,
				B39D5F292BBE00DC00F3F561 /* FirebaseAuth in Frameworks */,
			);
			runOnlyForDeploymentPostprocessing = 0;
		};
/* End PBXFrameworksBuildPhase section */

/* Begin PBXGroup section */
		B318D4AE2BAB50850099771C = {
			isa = PBXGroup;
			children = (
				B318D4B92BAB50850099771C /* RoomieFinder */,
				B318D4B82BAB50850099771C /* Products */,
				B31E2C612BADC62700A14662 /* Frameworks */,
			);
			sourceTree = "<group>";
		};
		B318D4B82BAB50850099771C /* Products */ = {
			isa = PBXGroup;
			children = (
				B318D4B72BAB50850099771C /* RoomieFinder.app */,
			);
			name = Products;
			sourceTree = "<group>";
		};
		B318D4B92BAB50850099771C /* RoomieFinder */ = {
			isa = PBXGroup;
			children = (
				B318D4CB2BAB50CF0099771C /* Info.plist */,
				B31E2C5E2BADC50700A14662 /* GoogleService-Info.plist */,
				B318D4BA2BAB50850099771C /* RoomieFinderApp.swift */,
				B318D4E82BAB5DDC0099771C /* Components */,
				B318D4CC2BAB50FB0099771C /* View */,
				B31E2C762BBDA70E00A14662 /* ViewModels */,
				B385FD352BACDE0500A82169 /* Data */,
				B318D4C82BAB50910099771C /* Resources */,
				B318D4BE2BAB50870099771C /* Assets.xcassets */,
				B318D4C02BAB50870099771C /* Preview Content */,
			);
			path = RoomieFinder;
			sourceTree = "<group>";
		};
		B318D4C02BAB50870099771C /* Preview Content */ = {
			isa = PBXGroup;
			children = (
				B318D4C12BAB50870099771C /* Preview Assets.xcassets */,
			);
			path = "Preview Content";
			sourceTree = "<group>";
		};
		B318D4C82BAB50910099771C /* Resources */ = {
			isa = PBXGroup;
			children = (
				B318D4E32BAB539D0099771C /* Fonts */,
				B318D4E42BAB53B00099771C /* Constants.swift */,
				B385FD332BACDDE500A82169 /* Perfiles.json */,
				B31E2C702BADE48C00A14662 /* AnunciosPisos.json */,
			);
			path = Resources;
			sourceTree = "<group>";
		};
		B318D4CC2BAB50FB0099771C /* View */ = {
			isa = PBXGroup;
			children = (
				B318D4CD2BAB51290099771C /* LauchScreen.storyboard */,
				B318D4E62BAB5D040099771C /* MainView.swift */,
				B318D4EB2BAB60930099771C /* PersonasView.swift */,
				B318D4E92BAB5F480099771C /* PisosView.swift */,
				B318D4ED2BAB7AD00099771C /* BusquedaView.swift */,
				B318D4EF2BAB7AD70099771C /* MensajesView.swift */,
				B318D4F12BAB7ADD0099771C /* PerfilView.swift */,
				B31E2C742BAF394E00A14662 /* LoginView.swift */,
			);
			path = View;
			sourceTree = "<group>";
		};
		B318D4E32BAB539D0099771C /* Fonts */ = {
			isa = PBXGroup;
			children = (
				B318D4D82BAB52CC0099771C /* Outfit-Bold.ttf */,
				B318D4D42BAB52CC0099771C /* Outfit-Medium.ttf */,
				B318D4C92BAB50C00099771C /* Outfit.ttf */,
			);
			path = Fonts;
			sourceTree = "<group>";
		};
		B318D4E82BAB5DDC0099771C /* Components */ = {
			isa = PBXGroup;
			children = (
				B385FD312BACC98100A82169 /* PerfilRow.swift */,
				B318D4CF2BAB52880099771C /* TopBarView.swift */,
				B31E2C722BADE54500A14662 /* PisoRow.swift */,
			);
			path = Components;
			sourceTree = "<group>";
		};
		B31E2C612BADC62700A14662 /* Frameworks */ = {
			isa = PBXGroup;
			children = (
			);
			name = Frameworks;
			sourceTree = "<group>";
		};
		B31E2C762BBDA70E00A14662 /* ViewModels */ = {
			isa = PBXGroup;
			children = (
				B31E2C772BBDA72E00A14662 /* LoginViewModel.swift */,
			);
			path = ViewModels;
			sourceTree = "<group>";
		};
		B385FD352BACDE0500A82169 /* Data */ = {
			isa = PBXGroup;
			children = (
				B385FD362BACDE0E00A82169 /* Models */,
			);
			path = Data;
			sourceTree = "<group>";
		};
		B385FD362BACDE0E00A82169 /* Models */ = {
			isa = PBXGroup;
			children = (
				B385FD372BACDE1C00A82169 /* PerfilModel.swift */,
				B31E2C6E2BADE1C400A14662 /* AnuncioPisosModel.swift */,
			);
			path = Models;
			sourceTree = "<group>";
		};
/* End PBXGroup section */

/* Begin PBXNativeTarget section */
		B318D4B62BAB50850099771C /* RoomieFinder */ = {
			isa = PBXNativeTarget;
			buildConfigurationList = B318D4C52BAB50870099771C /* Build configuration list for PBXNativeTarget "RoomieFinder" */;
			buildPhases = (
				B318D4B32BAB50850099771C /* Sources */,
				B318D4B42BAB50850099771C /* Frameworks */,
				B318D4B52BAB50850099771C /* Resources */,
			);
			buildRules = (
			);
			dependencies = (
			);
			name = RoomieFinder;
			packageProductDependencies = (
				B31E2C622BADC62700A14662 /* FirebaseAnalytics */,
				B31E2C642BADC62700A14662 /* FirebaseAnalyticsSwift */,
				B31E2C662BADC62700A14662 /* FirebaseAnalyticsWithoutAdIdSupport */,
				B39D5F282BBE00DC00F3F561 /* FirebaseAuth */,
			);
			productName = RoomieFinder;
			productReference = B318D4B72BAB50850099771C /* RoomieFinder.app */;
			productType = "com.apple.product-type.application";
		};
/* End PBXNativeTarget section */

/* Begin PBXProject section */
		B318D4AF2BAB50850099771C /* Project object */ = {
			isa = PBXProject;
			attributes = {
				BuildIndependentTargetsInParallel = 1;
				LastSwiftUpdateCheck = 1530;
				LastUpgradeCheck = 1530;
				TargetAttributes = {
					B318D4B62BAB50850099771C = {
						CreatedOnToolsVersion = 15.3;
					};
				};
			};
			buildConfigurationList = B318D4B22BAB50850099771C /* Build configuration list for PBXProject "RoomieFinder" */;
			compatibilityVersion = "Xcode 14.0";
			developmentRegion = en;
			hasScannedForEncodings = 0;
			knownRegions = (
				en,
				Base,
			);
			mainGroup = B318D4AE2BAB50850099771C;
			packageReferences = (
				B31E2C602BADC5FB00A14662 /* XCRemoteSwiftPackageReference "firebase-ios-sdk" */,
				3EF134F72BBE98580081B4BF /* XCRemoteSwiftPackageReference "HalfASheet" */,
				3EF134FA2BBEC5EB0081B4BF /* XCRemoteSwiftPackageReference "PartialSheet" */,
			);
			productRefGroup = B318D4B82BAB50850099771C /* Products */;
			projectDirPath = "";
			projectRoot = "";
			targets = (
				B318D4B62BAB50850099771C /* RoomieFinder */,
			);
		};
/* End PBXProject section */

/* Begin PBXResourcesBuildPhase section */
		B318D4B52BAB50850099771C /* Resources */ = {
			isa = PBXResourcesBuildPhase;
			buildActionMask = 2147483647;
			files = (
				B385FD342BACDDE500A82169 /* Perfiles.json in Resources */,
				B31E2C5F2BADC50700A14662 /* GoogleService-Info.plist in Resources */,
				B318D4E12BAB52CC0099771C /* Outfit-Bold.ttf in Resources */,
				B31E2C712BADE48C00A14662 /* AnunciosPisos.json in Resources */,
				B318D4C22BAB50870099771C /* Preview Assets.xcassets in Resources */,
				B318D4BF2BAB50870099771C /* Assets.xcassets in Resources */,
				B318D4CE2BAB51290099771C /* LauchScreen.storyboard in Resources */,
				B318D4CA2BAB50C00099771C /* Outfit.ttf in Resources */,
				B318D4DD2BAB52CC0099771C /* Outfit-Medium.ttf in Resources */,
			);
			runOnlyForDeploymentPostprocessing = 0;
		};
/* End PBXResourcesBuildPhase section */

/* Begin PBXSourcesBuildPhase section */
		B318D4B32BAB50850099771C /* Sources */ = {
			isa = PBXSourcesBuildPhase;
			buildActionMask = 2147483647;
			files = (
				B385FD382BACDE1C00A82169 /* PerfilModel.swift in Sources */,
				B318D4D02BAB52880099771C /* TopBarView.swift in Sources */,
				B31E2C6F2BADE1C400A14662 /* AnuncioPisosModel.swift in Sources */,
				B318D4EA2BAB5F480099771C /* PisosView.swift in Sources */,
				B31E2C732BADE54500A14662 /* PisoRow.swift in Sources */,
				B385FD322BACC98100A82169 /* PerfilRow.swift in Sources */,
				B318D4BB2BAB50850099771C /* RoomieFinderApp.swift in Sources */,
				B318D4EE2BAB7AD00099771C /* BusquedaView.swift in Sources */,
				B31E2C782BBDA72E00A14662 /* LoginViewModel.swift in Sources */,
				B31E2C752BAF394E00A14662 /* LoginView.swift in Sources */,
				B318D4EC2BAB60930099771C /* PersonasView.swift in Sources */,
				B318D4E72BAB5D040099771C /* MainView.swift in Sources */,
				B318D4F02BAB7AD70099771C /* MensajesView.swift in Sources */,
				B318D4F22BAB7ADD0099771C /* PerfilView.swift in Sources */,
				B318D4E52BAB53B00099771C /* Constants.swift in Sources */,
			);
			runOnlyForDeploymentPostprocessing = 0;
		};
/* End PBXSourcesBuildPhase section */

/* Begin XCBuildConfiguration section */
		B318D4C32BAB50870099771C /* Debug */ = {
			isa = XCBuildConfiguration;
			buildSettings = {
				ALWAYS_SEARCH_USER_PATHS = NO;
				ASSETCATALOG_COMPILER_GENERATE_SWIFT_ASSET_SYMBOL_EXTENSIONS = YES;
				CLANG_ANALYZER_NONNULL = YES;
				CLANG_ANALYZER_NUMBER_OBJECT_CONVERSION = YES_AGGRESSIVE;
				CLANG_CXX_LANGUAGE_STANDARD = "gnu++20";
				CLANG_ENABLE_MODULES = YES;
				CLANG_ENABLE_OBJC_ARC = YES;
				CLANG_ENABLE_OBJC_WEAK = YES;
				CLANG_WARN_BLOCK_CAPTURE_AUTORELEASING = YES;
				CLANG_WARN_BOOL_CONVERSION = YES;
				CLANG_WARN_COMMA = YES;
				CLANG_WARN_CONSTANT_CONVERSION = YES;
				CLANG_WARN_DEPRECATED_OBJC_IMPLEMENTATIONS = YES;
				CLANG_WARN_DIRECT_OBJC_ISA_USAGE = YES_ERROR;
				CLANG_WARN_DOCUMENTATION_COMMENTS = YES;
				CLANG_WARN_EMPTY_BODY = YES;
				CLANG_WARN_ENUM_CONVERSION = YES;
				CLANG_WARN_INFINITE_RECURSION = YES;
				CLANG_WARN_INT_CONVERSION = YES;
				CLANG_WARN_NON_LITERAL_NULL_CONVERSION = YES;
				CLANG_WARN_OBJC_IMPLICIT_RETAIN_SELF = YES;
				CLANG_WARN_OBJC_LITERAL_CONVERSION = YES;
				CLANG_WARN_OBJC_ROOT_CLASS = YES_ERROR;
				CLANG_WARN_QUOTED_INCLUDE_IN_FRAMEWORK_HEADER = YES;
				CLANG_WARN_RANGE_LOOP_ANALYSIS = YES;
				CLANG_WARN_STRICT_PROTOTYPES = YES;
				CLANG_WARN_SUSPICIOUS_MOVE = YES;
				CLANG_WARN_UNGUARDED_AVAILABILITY = YES_AGGRESSIVE;
				CLANG_WARN_UNREACHABLE_CODE = YES;
				CLANG_WARN__DUPLICATE_METHOD_MATCH = YES;
				COPY_PHASE_STRIP = NO;
				DEBUG_INFORMATION_FORMAT = dwarf;
				ENABLE_STRICT_OBJC_MSGSEND = YES;
				ENABLE_TESTABILITY = YES;
				ENABLE_USER_SCRIPT_SANDBOXING = YES;
				GCC_C_LANGUAGE_STANDARD = gnu17;
				GCC_DYNAMIC_NO_PIC = NO;
				GCC_NO_COMMON_BLOCKS = YES;
				GCC_OPTIMIZATION_LEVEL = 0;
				GCC_PREPROCESSOR_DEFINITIONS = (
					"DEBUG=1",
					"$(inherited)",
				);
				GCC_WARN_64_TO_32_BIT_CONVERSION = YES;
				GCC_WARN_ABOUT_RETURN_TYPE = YES_ERROR;
				GCC_WARN_UNDECLARED_SELECTOR = YES;
				GCC_WARN_UNINITIALIZED_AUTOS = YES_AGGRESSIVE;
				GCC_WARN_UNUSED_FUNCTION = YES;
				GCC_WARN_UNUSED_VARIABLE = YES;
				IPHONEOS_DEPLOYMENT_TARGET = 17.4;
				LOCALIZATION_PREFERS_STRING_CATALOGS = YES;
				MTL_ENABLE_DEBUG_INFO = INCLUDE_SOURCE;
				MTL_FAST_MATH = YES;
				ONLY_ACTIVE_ARCH = YES;
				SDKROOT = iphoneos;
				SWIFT_ACTIVE_COMPILATION_CONDITIONS = "DEBUG $(inherited)";
				SWIFT_OPTIMIZATION_LEVEL = "-Onone";
			};
			name = Debug;
		};
		B318D4C42BAB50870099771C /* Release */ = {
			isa = XCBuildConfiguration;
			buildSettings = {
				ALWAYS_SEARCH_USER_PATHS = NO;
				ASSETCATALOG_COMPILER_GENERATE_SWIFT_ASSET_SYMBOL_EXTENSIONS = YES;
				CLANG_ANALYZER_NONNULL = YES;
				CLANG_ANALYZER_NUMBER_OBJECT_CONVERSION = YES_AGGRESSIVE;
				CLANG_CXX_LANGUAGE_STANDARD = "gnu++20";
				CLANG_ENABLE_MODULES = YES;
				CLANG_ENABLE_OBJC_ARC = YES;
				CLANG_ENABLE_OBJC_WEAK = YES;
				CLANG_WARN_BLOCK_CAPTURE_AUTORELEASING = YES;
				CLANG_WARN_BOOL_CONVERSION = YES;
				CLANG_WARN_COMMA = YES;
				CLANG_WARN_CONSTANT_CONVERSION = YES;
				CLANG_WARN_DEPRECATED_OBJC_IMPLEMENTATIONS = YES;
				CLANG_WARN_DIRECT_OBJC_ISA_USAGE = YES_ERROR;
				CLANG_WARN_DOCUMENTATION_COMMENTS = YES;
				CLANG_WARN_EMPTY_BODY = YES;
				CLANG_WARN_ENUM_CONVERSION = YES;
				CLANG_WARN_INFINITE_RECURSION = YES;
				CLANG_WARN_INT_CONVERSION = YES;
				CLANG_WARN_NON_LITERAL_NULL_CONVERSION = YES;
				CLANG_WARN_OBJC_IMPLICIT_RETAIN_SELF = YES;
				CLANG_WARN_OBJC_LITERAL_CONVERSION = YES;
				CLANG_WARN_OBJC_ROOT_CLASS = YES_ERROR;
				CLANG_WARN_QUOTED_INCLUDE_IN_FRAMEWORK_HEADER = YES;
				CLANG_WARN_RANGE_LOOP_ANALYSIS = YES;
				CLANG_WARN_STRICT_PROTOTYPES = YES;
				CLANG_WARN_SUSPICIOUS_MOVE = YES;
				CLANG_WARN_UNGUARDED_AVAILABILITY = YES_AGGRESSIVE;
				CLANG_WARN_UNREACHABLE_CODE = YES;
				CLANG_WARN__DUPLICATE_METHOD_MATCH = YES;
				COPY_PHASE_STRIP = NO;
				DEBUG_INFORMATION_FORMAT = "dwarf-with-dsym";
				ENABLE_NS_ASSERTIONS = NO;
				ENABLE_STRICT_OBJC_MSGSEND = YES;
				ENABLE_USER_SCRIPT_SANDBOXING = YES;
				GCC_C_LANGUAGE_STANDARD = gnu17;
				GCC_NO_COMMON_BLOCKS = YES;
				GCC_WARN_64_TO_32_BIT_CONVERSION = YES;
				GCC_WARN_ABOUT_RETURN_TYPE = YES_ERROR;
				GCC_WARN_UNDECLARED_SELECTOR = YES;
				GCC_WARN_UNINITIALIZED_AUTOS = YES_AGGRESSIVE;
				GCC_WARN_UNUSED_FUNCTION = YES;
				GCC_WARN_UNUSED_VARIABLE = YES;
				IPHONEOS_DEPLOYMENT_TARGET = 17.4;
				LOCALIZATION_PREFERS_STRING_CATALOGS = YES;
				MTL_ENABLE_DEBUG_INFO = NO;
				MTL_FAST_MATH = YES;
				SDKROOT = iphoneos;
				SWIFT_COMPILATION_MODE = wholemodule;
				VALIDATE_PRODUCT = YES;
			};
			name = Release;
		};
		B318D4C62BAB50870099771C /* Debug */ = {
			isa = XCBuildConfiguration;
			buildSettings = {
				ASSETCATALOG_COMPILER_APPICON_NAME = AppIcon;
				ASSETCATALOG_COMPILER_GLOBAL_ACCENT_COLOR_NAME = AccentColor;
				CODE_SIGN_STYLE = Automatic;
				CURRENT_PROJECT_VERSION = 1;
				DEVELOPMENT_ASSET_PATHS = "\"RoomieFinder/Preview Content\"";
				DEVELOPMENT_TEAM = LCB3H3K86U;
				ENABLE_PREVIEWS = YES;
				GENERATE_INFOPLIST_FILE = YES;
				INFOPLIST_FILE = RoomieFinder/Info.plist;
				INFOPLIST_KEY_UIApplicationSceneManifest_Generation = YES;
				INFOPLIST_KEY_UIApplicationSupportsIndirectInputEvents = YES;
				INFOPLIST_KEY_UILaunchScreen_Generation = YES;
				INFOPLIST_KEY_UILaunchStoryboardName = LauchScreen.storyboard;
				INFOPLIST_KEY_UISupportedInterfaceOrientations = UIInterfaceOrientationPortrait;
				INFOPLIST_KEY_UISupportedInterfaceOrientations_iPad = "UIInterfaceOrientationLandscapeLeft UIInterfaceOrientationLandscapeRight UIInterfaceOrientationPortrait UIInterfaceOrientationPortraitUpsideDown";
				IPHONEOS_DEPLOYMENT_TARGET = 16.0;
				LD_RUNPATH_SEARCH_PATHS = (
					"$(inherited)",
					"@executable_path/Frameworks",
				);
				MARKETING_VERSION = 1.0;
				PRODUCT_BUNDLE_IDENTIFIER = com.guillermo.RoomieFinder;
				PRODUCT_NAME = "$(TARGET_NAME)";
				SUPPORTED_PLATFORMS = "iphoneos iphonesimulator";
				SUPPORTS_MACCATALYST = NO;
				SUPPORTS_MAC_DESIGNED_FOR_IPHONE_IPAD = NO;
				SUPPORTS_XR_DESIGNED_FOR_IPHONE_IPAD = NO;
				SWIFT_EMIT_LOC_STRINGS = YES;
				SWIFT_VERSION = 5.0;
				TARGETED_DEVICE_FAMILY = 1;
			};
			name = Debug;
		};
		B318D4C72BAB50870099771C /* Release */ = {
			isa = XCBuildConfiguration;
			buildSettings = {
				ASSETCATALOG_COMPILER_APPICON_NAME = AppIcon;
				ASSETCATALOG_COMPILER_GLOBAL_ACCENT_COLOR_NAME = AccentColor;
				CODE_SIGN_STYLE = Automatic;
				CURRENT_PROJECT_VERSION = 1;
				DEVELOPMENT_ASSET_PATHS = "\"RoomieFinder/Preview Content\"";
				DEVELOPMENT_TEAM = LCB3H3K86U;
				ENABLE_PREVIEWS = YES;
				GENERATE_INFOPLIST_FILE = YES;
				INFOPLIST_FILE = RoomieFinder/Info.plist;
				INFOPLIST_KEY_UIApplicationSceneManifest_Generation = YES;
				INFOPLIST_KEY_UIApplicationSupportsIndirectInputEvents = YES;
				INFOPLIST_KEY_UILaunchScreen_Generation = YES;
				INFOPLIST_KEY_UILaunchStoryboardName = LauchScreen.storyboard;
				INFOPLIST_KEY_UISupportedInterfaceOrientations = UIInterfaceOrientationPortrait;
				INFOPLIST_KEY_UISupportedInterfaceOrientations_iPad = "UIInterfaceOrientationLandscapeLeft UIInterfaceOrientationLandscapeRight UIInterfaceOrientationPortrait UIInterfaceOrientationPortraitUpsideDown";
				IPHONEOS_DEPLOYMENT_TARGET = 16.0;
				LD_RUNPATH_SEARCH_PATHS = (
					"$(inherited)",
					"@executable_path/Frameworks",
				);
				MARKETING_VERSION = 1.0;
				PRODUCT_BUNDLE_IDENTIFIER = com.guillermo.RoomieFinder;
				PRODUCT_NAME = "$(TARGET_NAME)";
				SUPPORTED_PLATFORMS = "iphoneos iphonesimulator";
				SUPPORTS_MACCATALYST = NO;
				SUPPORTS_MAC_DESIGNED_FOR_IPHONE_IPAD = NO;
				SUPPORTS_XR_DESIGNED_FOR_IPHONE_IPAD = NO;
				SWIFT_EMIT_LOC_STRINGS = YES;
				SWIFT_VERSION = 5.0;
				TARGETED_DEVICE_FAMILY = 1;
			};
			name = Release;
		};
/* End XCBuildConfiguration section */

/* Begin XCConfigurationList section */
		B318D4B22BAB50850099771C /* Build configuration list for PBXProject "RoomieFinder" */ = {
			isa = XCConfigurationList;
			buildConfigurations = (
				B318D4C32BAB50870099771C /* Debug */,
				B318D4C42BAB50870099771C /* Release */,
			);
			defaultConfigurationIsVisible = 0;
			defaultConfigurationName = Release;
		};
		B318D4C52BAB50870099771C /* Build configuration list for PBXNativeTarget "RoomieFinder" */ = {
			isa = XCConfigurationList;
			buildConfigurations = (
				B318D4C62BAB50870099771C /* Debug */,
				B318D4C72BAB50870099771C /* Release */,
			);
			defaultConfigurationIsVisible = 0;
			defaultConfigurationName = Release;
		};
/* End XCConfigurationList section */

/* Begin XCRemoteSwiftPackageReference section */
		3EF134F72BBE98580081B4BF /* XCRemoteSwiftPackageReference "HalfASheet" */ = {
			isa = XCRemoteSwiftPackageReference;
			repositoryURL = "https://github.com/franklynw/HalfASheet";
			requirement = {
				kind = upToNextMajorVersion;
				minimumVersion = 1.0.2;
			};
		};
		3EF134FA2BBEC5EB0081B4BF /* XCRemoteSwiftPackageReference "PartialSheet" */ = {
			isa = XCRemoteSwiftPackageReference;
			repositoryURL = "https://github.com/AndreaMiotto/PartialSheet";
			requirement = {
				kind = upToNextMajorVersion;
				minimumVersion = 3.1.1;
			};
		};
		B31E2C602BADC5FB00A14662 /* XCRemoteSwiftPackageReference "firebase-ios-sdk" */ = {
			isa = XCRemoteSwiftPackageReference;
			repositoryURL = "https://github.com/firebase/firebase-ios-sdk.git";
			requirement = {
				kind = upToNextMajorVersion;
				minimumVersion = 10.23.0;
			};
		};
/* End XCRemoteSwiftPackageReference section */

/* Begin XCSwiftPackageProductDependency section */
		B31E2C622BADC62700A14662 /* FirebaseAnalytics */ = {
			isa = XCSwiftPackageProductDependency;
			package = B31E2C602BADC5FB00A14662 /* XCRemoteSwiftPackageReference "firebase-ios-sdk" */;
			productName = FirebaseAnalytics;
		};
		B31E2C642BADC62700A14662 /* FirebaseAnalyticsSwift */ = {
			isa = XCSwiftPackageProductDependency;
			package = B31E2C602BADC5FB00A14662 /* XCRemoteSwiftPackageReference "firebase-ios-sdk" */;
			productName = FirebaseAnalyticsSwift;
		};
		B31E2C662BADC62700A14662 /* FirebaseAnalyticsWithoutAdIdSupport */ = {
			isa = XCSwiftPackageProductDependency;
			package = B31E2C602BADC5FB00A14662 /* XCRemoteSwiftPackageReference "firebase-ios-sdk" */;
			productName = FirebaseAnalyticsWithoutAdIdSupport;
		};
		B39D5F282BBE00DC00F3F561 /* FirebaseAuth */ = {
			isa = XCSwiftPackageProductDependency;
			package = B31E2C602BADC5FB00A14662 /* XCRemoteSwiftPackageReference "firebase-ios-sdk" */;
			productName = FirebaseAuth;
		};
/* End XCSwiftPackageProductDependency section */
	};
	rootObject = B318D4AF2BAB50850099771C /* Project object */;
}
